
Microsoft Visual Studio Solution File, Format Version 11.00
# Visual Studio 2010
Project("{FAE04EC0-301F-11D3-BF4B-00C04F79EFBC}") = "Oyun Denemesi", "Oyun Denemesi\Oyun Denemesi.csproj", "{B9F28DFA-6760-4009-A63E-D362A9348B03}"
EndProject
Global
	GlobalSection(SolutionConfigurationPlatforms) = preSolution
		Debug|x86 = Debug|x86
		Release|x86 = Release|x86
	EndGlobalSection
	GlobalSection(ProjectConfigurationPlatforms) = postSolution
		{B9F28DFA-6760-4009-A63E-D362A9348B03}.Debug|x86.ActiveCfg = Debug|x86
		{B9F28DFA-6760-4009-A63E-D362A9348B03}.Debug|x86.Build.0 = Debug|x86
		{B9F28DFA-6760-4009-A63E-D362A9348B03}.Release|x86.ActiveCfg = Release|x86
		{B9F28DFA-6760-4009-A63E-D362A9348B03}.Release|x86.Build.0 = Release|x86
	EndGlobalSection
	GlobalSection(SolutionProperties) = preSolution
		HideSolutionNode = FALSE
	EndGlobalSection
EndGlobal
